
Microsoft Visual Studio Solution File, Format Version 12.00
# Visual Studio 15
VisualStudioVersion = 15.0.28307.102
MinimumVisualStudioVersion = 10.0.40219.1
Project("{FAE04EC0-301F-11D3-BF4B-00C04F79EFBC}") = "SampleProject", "SampleProject\SampleProject.csproj", "{0BFC8698-D169-4637-B81C-A20AEC8AC639}"
EndProject
Global
	GlobalSection(SolutionConfigurationPlatforms) = preSolution
		Debug|x86 = Debug|x86
		Release|x86 = Release|x86
	EndGlobalSection
	GlobalSection(ProjectConfigurationPlatforms) = postSolution
		{0BFC8698-D169-4637-B81C-A20AEC8AC639}.Debug|x86.ActiveCfg = Debug|x86
		{0BFC8698-D169-4637-B81C-A20AEC8AC639}.Debug|x86.Build.0 = Debug|x86
		{0BFC8698-D169-4637-B81C-A20AEC8AC639}.Release|x86.ActiveCfg = Release|x86
		{0BFC8698-D169-4637-B81C-A20AEC8AC639}.Release|x86.Build.0 = Release|x86
	EndGlobalSection
	GlobalSection(SolutionProperties) = preSolution
		HideSolutionNode = FALSE
	EndGlobalSection
	GlobalSection(ExtensibilityGlobals) = postSolution
		SolutionGuid = {DBD75313-9D71-44C5-A7DD-22227DF11B27}
	EndGlobalSection
EndGlobal
